
Microsoft Visual Studio Solution File, Format Version 12.00
Project("{FAE04EC0-301F-11D3-BF4B-00C04F79EFBC}") = "ColourizmusS", "ColourizmusS.csproj", "{60E83399-4C7C-4CED-8D78-FBFC67D2BB3D}"
EndProject
Global
	GlobalSection(SolutionConfigurationPlatforms) = preSolution
		Debug|Any CPU = Debug|Any CPU
		Release|Any CPU = Release|Any CPU
	EndGlobalSection
	GlobalSection(ProjectConfigurationPlatforms) = postSolution
		{60E83399-4C7C-4CED-8D78-FBFC67D2BB3D}.Debug|Any CPU.ActiveCfg = Debug|Any CPU
		{60E83399-4C7C-4CED-8D78-FBFC67D2BB3D}.Debug|Any CPU.Build.0 = Debug|Any CPU
		{60E83399-4C7C-4CED-8D78-FBFC67D2BB3D}.Release|Any CPU.ActiveCfg = Release|Any CPU
		{60E83399-4C7C-4CED-8D78-FBFC67D2BB3D}.Release|Any CPU.Build.0 = Release|Any CPU
		{60E83399-4C7C-4CED-8D78-FBFC67D2BB3D}.Release|Any CPU.Deploy.0 = Release|Any CPU
	EndGlobalSection
EndGlobal
